// !$*UTF8*$!
{
	archiveVersion = 1;
	classes = {
	};
	objectVersion = 56;
	objects = {

/* Begin PBXBuildFile section */
		9800A4E02C6D16E700504A3C /* FormationUdSwitUIApp.swift in Sources */ = {isa = PBXBuildFile; fileRef = 9800A4DF2C6D16E700504A3C /* FormationUdSwitUIApp.swift */; };
		9800A4E22C6D16E700504A3C /* ContentView.swift in Sources */ = {isa = PBXBuildFile; fileRef = 9800A4E12C6D16E700504A3C /* ContentView.swift */; };
		9800A4E42C6D16E800504A3C /* Assets.xcassets in Resources */ = {isa = PBXBuildFile; fileRef = 9800A4E32C6D16E800504A3C /* Assets.xcassets */; };
		9800A4E72C6D16E800504A3C /* Preview Assets.xcassets in Resources */ = {isa = PBXBuildFile; fileRef = 9800A4E62C6D16E800504A3C /* Preview Assets.xcassets */; };
		9800A4F12C6D16E900504A3C /* FormationUdSwitUITests.swift in Sources */ = {isa = PBXBuildFile; fileRef = 9800A4F02C6D16E900504A3C /* FormationUdSwitUITests.swift */; };
		9800A4FB2C6D16E900504A3C /* FormationUdSwitUIUITests.swift in Sources */ = {isa = PBXBuildFile; fileRef = 9800A4FA2C6D16E900504A3C /* FormationUdSwitUIUITests.swift */; };
		9800A4FD2C6D16E900504A3C /* FormationUdSwitUIUITestsLaunchTests.swift in Sources */ = {isa = PBXBuildFile; fileRef = 9800A4FC2C6D16E900504A3C /* FormationUdSwitUIUITestsLaunchTests.swift */; };
/* End PBXBuildFile section */

/* Begin PBXContainerItemProxy section */
		9800A4ED2C6D16E900504A3C /* PBXContainerItemProxy */ = {
			isa = PBXContainerItemProxy;
			containerPortal = 9800A4D42C6D16E700504A3C /* Project object */;
			proxyType = 1;
			remoteGlobalIDString = 9800A4DB2C6D16E700504A3C;
			remoteInfo = FormationUdSwitUI;
		};
		9800A4F72C6D16E900504A3C /* PBXContainerItemProxy */ = {
			isa = PBXContainerItemProxy;
			containerPortal = 9800A4D42C6D16E700504A3C /* Project object */;
			proxyType = 1;
			remoteGlobalIDString = 9800A4DB2C6D16E700504A3C;
			remoteInfo = FormationUdSwitUI;
		};
/* End PBXContainerItemProxy section */

/* Begin PBXFileReference section */
		9800A4DC2C6D16E700504A3C /* FormationUdSwitUI.app */ = {isa = PBXFileReference; explicitFileType = wrapper.application; includeInIndex = 0; path = FormationUdSwitUI.app; sourceTree = BUILT_PRODUCTS_DIR; };
		9800A4DF2C6D16E700504A3C /* FormationUdSwitUIApp.swift */ = {isa = PBXFileReference; lastKnownFileType = sourcecode.swift; path = FormationUdSwitUIApp.swift; sourceTree = "<group>"; };
		9800A4E12C6D16E700504A3C /* ContentView.swift */ = {isa = PBXFileReference; lastKnownFileType = sourcecode.swift; path = ContentView.swift; sourceTree = "<group>"; };
		9800A4E32C6D16E800504A3C /* Assets.xcassets */ = {isa = PBXFileReference; lastKnownFileType = folder.assetcatalog; path = Assets.xcassets; sourceTree = "<group>"; };
		9800A4E62C6D16E800504A3C /* Preview Assets.xcassets */ = {isa = PBXFileReference; lastKnownFileType = folder.assetcatalog; path = "Preview Assets.xcassets"; sourceTree = "<group>"; };
		9800A4EC2C6D16E900504A3C /* FormationUdSwitUITests.xctest */ = {isa = PBXFileReference; explicitFileType = wrapper.cfbundle; includeInIndex = 0; path = FormationUdSwitUITests.xctest; sourceTree = BUILT_PRODUCTS_DIR; };
		9800A4F02C6D16E900504A3C /* FormationUdSwitUITests.swift */ = {isa = PBXFileReference; lastKnownFileType = sourcecode.swift; path = FormationUdSwitUITests.swift; sourceTree = "<group>"; };
		9800A4F62C6D16E900504A3C /* FormationUdSwitUIUITests.xctest */ = {isa = PBXFileReference; explicitFileType = wrapper.cfbundle; includeInIndex = 0; path = FormationUdSwitUIUITests.xctest; sourceTree = BUILT_PRODUCTS_DIR; };
		9800A4FA2C6D16E900504A3C /* FormationUdSwitUIUITests.swift */ = {isa = PBXFileReference; lastKnownFileType = sourcecode.swift; path = FormationUdSwitUIUITests.swift; sourceTree = "<group>"; };
		9800A4FC2C6D16E900504A3C /* FormationUdSwitUIUITestsLaunchTests.swift */ = {isa = PBXFileReference; lastKnownFileType = sourcecode.swift; path = FormationUdSwitUIUITestsLaunchTests.swift; sourceTree = "<group>"; };
/* End PBXFileReference section */

/* Begin PBXFrameworksBuildPhase section */
		9800A4D92C6D16E700504A3C /* Frameworks */ = {
			isa = PBXFrameworksBuildPhase;
			buildActionMask = 2147483647;
			files = (
			);
			runOnlyForDeploymentPostprocessing = 0;
		};
		9800A4E92C6D16E900504A3C /* Frameworks */ = {
			isa = PBXFrameworksBuildPhase;
			buildActionMask = 2147483647;
			files = (
			);
			runOnlyForDeploymentPostprocessing = 0;
		};
		9800A4F32C6D16E900504A3C /* Frameworks */ = {
			isa = PBXFrameworksBuildPhase;
			buildActionMask = 2147483647;
			files = (
			);
			runOnlyForDeploymentPostprocessing = 0;
		};
/* End PBXFrameworksBuildPhase section */

/* Begin PBXGroup section */
		9800A4D32C6D16E700504A3C = {
			isa = PBXGroup;
			children = (
				9800A4DE2C6D16E700504A3C /* FormationUdSwitUI */,
				9800A4EF2C6D16E900504A3C /* FormationUdSwitUITests */,
				9800A4F92C6D16E900504A3C /* FormationUdSwitUIUITests */,
				9800A4DD2C6D16E700504A3C /* Products */,
			);
			sourceTree = "<group>";
		};
		9800A4DD2C6D16E700504A3C /* Products */ = {
			isa = PBXGroup;
			children = (
				9800A4DC2C6D16E700504A3C /* FormationUdSwitUI.app */,
				9800A4EC2C6D16E900504A3C /* FormationUdSwitUITests.xctest */,
				9800A4F62C6D16E900504A3C /* FormationUdSwitUIUITests.xctest */,
			);
			name = Products;
			sourceTree = "<group>";
		};
		9800A4DE2C6D16E700504A3C /* FormationUdSwitUI */ = {
			isa = PBXGroup;
			children = (
				9800A4DF2C6D16E700504A3C /* FormationUdSwitUIApp.swift */,
				9800A4E12C6D16E700504A3C /* ContentView.swift */,
				9800A4E32C6D16E800504A3C /* Assets.xcassets */,
				9800A4E52C6D16E800504A3C /* Preview Content */,
			);
			path = FormationUdSwitUI;
			sourceTree = "<group>";
		};
		9800A4E52C6D16E800504A3C /* Preview Content */ = {
			isa = PBXGroup;
			children = (
				9800A4E62C6D16E800504A3C /* Preview Assets.xcassets */,
			);
			path = "Preview Content";
			sourceTree = "<group>";
		};
		9800A4EF2C6D16E900504A3C /* FormationUdSwitUITests */ = {
			isa = PBXGroup;
			children = (
				9800A4F02C6D16E900504A3C /* FormationUdSwitUITests.swift */,
			);
			path = FormationUdSwitUITests;
			sourceTree = "<group>";
		};
		9800A4F92C6D16E900504A3C /* FormationUdSwitUIUITests */ = {
			isa = PBXGroup;
			children = (
				9800A4FA2C6D16E900504A3C /* FormationUdSwitUIUITests.swift */,
				9800A4FC2C6D16E900504A3C /* FormationUdSwitUIUITestsLaunchTests.swift */,
			);
			path = FormationUdSwitUIUITests;
			sourceTree = "<group>";
		};
/* End PBXGroup section */

/* Begin PBXNativeTarget section */
		9800A4DB2C6D16E700504A3C /* FormationUdSwitUI */ = {
			isa = PBXNativeTarget;
			buildConfigurationList = 9800A5002C6D16E900504A3C /* Build configuration list for PBXNativeTarget "FormationUdSwitUI" */;
			buildPhases = (
				9800A4D82C6D16E700504A3C /* Sources */,
				9800A4D92C6D16E700504A3C /* Frameworks */,
				9800A4DA2C6D16E700504A3C /* Resources */,
			);
			buildRules = (
			);
			dependencies = (
			);
			name = FormationUdSwitUI;
			productName = FormationUdSwitUI;
			productReference = 9800A4DC2C6D16E700504A3C /* FormationUdSwitUI.app */;
			productType = "com.apple.product-type.application";
		};
		9800A4EB2C6D16E900504A3C /* FormationUdSwitUITests */ = {
			isa = PBXNativeTarget;
			buildConfigurationList = 9800A5032C6D16E900504A3C /* Build configuration list for PBXNativeTarget "FormationUdSwitUITests" */;
			buildPhases = (
				9800A4E82C6D16E900504A3C /* Sources */,
				9800A4E92C6D16E900504A3C /* Frameworks */,
				9800A4EA2C6D16E900504A3C /* Resources */,
			);
			buildRules = (
			);
			dependencies = (
				9800A4EE2C6D16E900504A3C /* PBXTargetDependency */,
			);
			name = FormationUdSwitUITests;
			productName = FormationUdSwitUITests;
			productReference = 9800A4EC2C6D16E900504A3C /* FormationUdSwitUITests.xctest */;
			productType = "com.apple.product-type.bundle.unit-test";
		};
		9800A4F52C6D16E900504A3C /* FormationUdSwitUIUITests */ = {
			isa = PBXNativeTarget;
			buildConfigurationList = 9800A5062C6D16E900504A3C /* Build configuration list for PBXNativeTarget "FormationUdSwitUIUITests" */;
			buildPhases = (
				9800A4F22C6D16E900504A3C /* Sources */,
				9800A4F32C6D16E900504A3C /* Frameworks */,
				9800A4F42C6D16E900504A3C /* Resources */,
			);
			buildRules = (
			);
			dependencies = (
				9800A4F82C6D16E900504A3C /* PBXTargetDependency */,
			);
			name = FormationUdSwitUIUITests;
			productName = FormationUdSwitUIUITests;
			productReference = 9800A4F62C6D16E900504A3C /* FormationUdSwitUIUITests.xctest */;
			productType = "com.apple.product-type.bundle.ui-testing";
		};
/* End PBXNativeTarget section */

/* Begin PBXProject section */
		9800A4D42C6D16E700504A3C /* Project object */ = {
			isa = PBXProject;
			attributes = {
				BuildIndependentTargetsInParallel = 1;
				LastSwiftUpdateCheck = 1540;
				LastUpgradeCheck = 1540;
				TargetAttributes = {
					9800A4DB2C6D16E700504A3C = {
						CreatedOnToolsVersion = 15.4;
					};
					9800A4EB2C6D16E900504A3C = {
						CreatedOnToolsVersion = 15.4;
						TestTargetID = 9800A4DB2C6D16E700504A3C;
					};
					9800A4F52C6D16E900504A3C = {
						CreatedOnToolsVersion = 15.4;
						TestTargetID = 9800A4DB2C6D16E700504A3C;
					};
				};
			};
			buildConfigurationList = 9800A4D72C6D16E700504A3C /* Build configuration list for PBXProject "FormationUdSwitUI" */;
			compatibilityVersion = "Xcode 14.0";
			developmentRegion = en;
			hasScannedForEncodings = 0;
			knownRegions = (
				en,
				Base,
			);
			mainGroup = 9800A4D32C6D16E700504A3C;
			productRefGroup = 9800A4DD2C6D16E700504A3C /* Products */;
			projectDirPath = "";
			projectRoot = "";
			targets = (
				9800A4DB2C6D16E700504A3C /* FormationUdSwitUI */,
				9800A4EB2C6D16E900504A3C /* FormationUdSwitUITests */,
				9800A4F52C6D16E900504A3C /* FormationUdSwitUIUITests */,
			);
		};
/* End PBXProject section */

/* Begin PBXResourcesBuildPhase section */
		9800A4DA2C6D16E700504A3C /* Resources */ = {
			isa = PBXResourcesBuildPhase;
			buildActionMask = 2147483647;
			files = (
				9800A4E72C6D16E800504A3C /* Preview Assets.xcassets in Resources */,
				9800A4E42C6D16E800504A3C /* Assets.xcassets in Resources */,
			);
			runOnlyForDeploymentPostprocessing = 0;
		};
		9800A4EA2C6D16E900504A3C /* Resources */ = {
			isa = PBXResourcesBuildPhase;
			buildActionMask = 2147483647;
			files = (
			);
			runOnlyForDeploymentPostprocessing = 0;
		};
		9800A4F42C6D16E900504A3C /* Resources */ = {
			isa = PBXResourcesBuildPhase;
			buildActionMask = 2147483647;
			files = (
			);
			runOnlyForDeploymentPostprocessing = 0;
		};
/* End PBXResourcesBuildPhase section */

/* Begin PBXSourcesBuildPhase section */
		9800A4D82C6D16E700504A3C /* Sources */ = {
			isa = PBXSourcesBuildPhase;
			buildActionMask = 2147483647;
			files = (
				9800A4E22C6D16E700504A3C /* ContentView.swift in Sources */,
				9800A4E02C6D16E700504A3C /* FormationUdSwitUIApp.swift in Sources */,
			);
			runOnlyForDeploymentPostprocessing = 0;
		};
		9800A4E82C6D16E900504A3C /* Sources */ = {
			isa = PBXSourcesBuildPhase;
			buildActionMask = 2147483647;
			files = (
				9800A4F12C6D16E900504A3C /* FormationUdSwitUITests.swift in Sources */,
			);
			runOnlyForDeploymentPostprocessing = 0;
		};
		9800A4F22C6D16E900504A3C /* Sources */ = {
			isa = PBXSourcesBuildPhase;
			buildActionMask = 2147483647;
			files = (
				9800A4FD2C6D16E900504A3C /* FormationUdSwitUIUITestsLaunchTests.swift in Sources */,
				9800A4FB2C6D16E900504A3C /* FormationUdSwitUIUITests.swift in Sources */,
			);
			runOnlyForDeploymentPostprocessing = 0;
		};
/* End PBXSourcesBuildPhase section */

/* Begin PBXTargetDependency section */
		9800A4EE2C6D16E900504A3C /* PBXTargetDependency */ = {
			isa = PBXTargetDependency;
			target = 9800A4DB2C6D16E700504A3C /* FormationUdSwitUI */;
			targetProxy = 9800A4ED2C6D16E900504A3C /* PBXContainerItemProxy */;
		};
		9800A4F82C6D16E900504A3C /* PBXTargetDependency */ = {
			isa = PBXTargetDependency;
			target = 9800A4DB2C6D16E700504A3C /* FormationUdSwitUI */;
			targetProxy = 9800A4F72C6D16E900504A3C /* PBXContainerItemProxy */;
		};
/* End PBXTargetDependency section */

/* Begin XCBuildConfiguration section */
		9800A4FE2C6D16E900504A3C /* Debug */ = {
			isa = XCBuildConfiguration;
			buildSettings = {
				ALWAYS_SEARCH_USER_PATHS = NO;
				ASSETCATALOG_COMPILER_GENERATE_SWIFT_ASSET_SYMBOL_EXTENSIONS = YES;
				CLANG_ANALYZER_NONNULL = YES;
				CLANG_ANALYZER_NUMBER_OBJECT_CONVERSION = YES_AGGRESSIVE;
				CLANG_CXX_LANGUAGE_STANDARD = "gnu++20";
				CLANG_ENABLE_MODULES = YES;
				CLANG_ENABLE_OBJC_ARC = YES;
				CLANG_ENABLE_OBJC_WEAK = YES;
				CLANG_WARN_BLOCK_CAPTURE_AUTORELEASING = YES;
				CLANG_WARN_BOOL_CONVERSION = YES;
				CLANG_WARN_COMMA = YES;
				CLANG_WARN_CONSTANT_CONVERSION = YES;
				CLANG_WARN_DEPRECATED_OBJC_IMPLEMENTATIONS = YES;
				CLANG_WARN_DIRECT_OBJC_ISA_USAGE = YES_ERROR;
				CLANG_WARN_DOCUMENTATION_COMMENTS = YES;
				CLANG_WARN_EMPTY_BODY = YES;
				CLANG_WARN_ENUM_CONVERSION = YES;
				CLANG_WARN_INFINITE_RECURSION = YES;
				CLANG_WARN_INT_CONVERSION = YES;
				CLANG_WARN_NON_LITERAL_NULL_CONVERSION = YES;
				CLANG_WARN_OBJC_IMPLICIT_RETAIN_SELF = YES;
				CLANG_WARN_OBJC_LITERAL_CONVERSION = YES;
				CLANG_WARN_OBJC_ROOT_CLASS = YES_ERROR;
				CLANG_WARN_QUOTED_INCLUDE_IN_FRAMEWORK_HEADER = YES;
				CLANG_WARN_RANGE_LOOP_ANALYSIS = YES;
				CLANG_WARN_STRICT_PROTOTYPES = YES;
				CLANG_WARN_SUSPICIOUS_MOVE = YES;
				CLANG_WARN_UNGUARDED_AVAILABILITY = YES_AGGRESSIVE;
				CLANG_WARN_UNREACHABLE_CODE = YES;
				CLANG_WARN__DUPLICATE_METHOD_MATCH = YES;
				COPY_PHASE_STRIP = NO;
				DEBUG_INFORMATION_FORMAT = dwarf;
				ENABLE_STRICT_OBJC_MSGSEND = YES;
				ENABLE_TESTABILITY = YES;
				ENABLE_USER_SCRIPT_SANDBOXING = YES;
				GCC_C_LANGUAGE_STANDARD = gnu17;
				GCC_DYNAMIC_NO_PIC = NO;
				GCC_NO_COMMON_BLOCKS = YES;
				GCC_OPTIMIZATION_LEVEL = 0;
				GCC_PREPROCESSOR_DEFINITIONS = (
					"DEBUG=1",
					"$(inherited)",
				);
				GCC_WARN_64_TO_32_BIT_CONVERSION = YES;
				GCC_WARN_ABOUT_RETURN_TYPE = YES_ERROR;
				GCC_WARN_UNDECLARED_SELECTOR = YES;
				GCC_WARN_UNINITIALIZED_AUTOS = YES_AGGRESSIVE;
				GCC_WARN_UNUSED_FUNCTION = YES;
				GCC_WARN_UNUSED_VARIABLE = YES;
				IPHONEOS_DEPLOYMENT_TARGET = 17.5;
				LOCALIZATION_PREFERS_STRING_CATALOGS = YES;
				MTL_ENABLE_DEBUG_INFO = INCLUDE_SOURCE;
				MTL_FAST_MATH = YES;
				ONLY_ACTIVE_ARCH = YES;
				SDKROOT = iphoneos;
				SWIFT_ACTIVE_COMPILATION_CONDITIONS = "DEBUG $(inherited)";
				SWIFT_OPTIMIZATION_LEVEL = "-Onone";
			};
			name = Debug;
		};
		9800A4FF2C6D16E900504A3C /* Release */ = {
			isa = XCBuildConfiguration;
			buildSettings = {
				ALWAYS_SEARCH_USER_PATHS = NO;
				ASSETCATALOG_COMPILER_GENERATE_SWIFT_ASSET_SYMBOL_EXTENSIONS = YES;
				CLANG_ANALYZER_NONNULL = YES;
				CLANG_ANALYZER_NUMBER_OBJECT_CONVERSION = YES_AGGRESSIVE;
				CLANG_CXX_LANGUAGE_STANDARD = "gnu++20";
				CLANG_ENABLE_MODULES = YES;
				CLANG_ENABLE_OBJC_ARC = YES;
				CLANG_ENABLE_OBJC_WEAK = YES;
				CLANG_WARN_BLOCK_CAPTURE_AUTORELEASING = YES;
				CLANG_WARN_BOOL_CONVERSION = YES;
				CLANG_WARN_COMMA = YES;
				CLANG_WARN_CONSTANT_CONVERSION = YES;
				CLANG_WARN_DEPRECATED_OBJC_IMPLEMENTATIONS = YES;
				CLANG_WARN_DIRECT_OBJC_ISA_USAGE = YES_ERROR;
				CLANG_WARN_DOCUMENTATION_COMMENTS = YES;
				CLANG_WARN_EMPTY_BODY = YES;
				CLANG_WARN_ENUM_CONVERSION = YES;
				CLANG_WARN_INFINITE_RECURSION = YES;
				CLANG_WARN_INT_CONVERSION = YES;
				CLANG_WARN_NON_LITERAL_NULL_CONVERSION = YES;
				CLANG_WARN_OBJC_IMPLICIT_RETAIN_SELF = YES;
				CLANG_WARN_OBJC_LITERAL_CONVERSION = YES;
				CLANG_WARN_OBJC_ROOT_CLASS = YES_ERROR;
				CLANG_WARN_QUOTED_INCLUDE_IN_FRAMEWORK_HEADER = YES;
				CLANG_WARN_RANGE_LOOP_ANALYSIS = YES;
				CLANG_WARN_STRICT_PROTOTYPES = YES;
				CLANG_WARN_SUSPICIOUS_MOVE = YES;
				CLANG_WARN_UNGUARDED_AVAILABILITY = YES_AGGRESSIVE;
				CLANG_WARN_UNREACHABLE_CODE = YES;
				CLANG_WARN__DUPLICATE_METHOD_MATCH = YES;
				COPY_PHASE_STRIP = NO;
				DEBUG_INFORMATION_FORMAT = "dwarf-with-dsym";
				ENABLE_NS_ASSERTIONS = NO;
				ENABLE_STRICT_OBJC_MSGSEND = YES;
				ENABLE_USER_SCRIPT_SANDBOXING = YES;
				GCC_C_LANGUAGE_STANDARD = gnu17;
				GCC_NO_COMMON_BLOCKS = YES;
				GCC_WARN_64_TO_32_BIT_CONVERSION = YES;
				GCC_WARN_ABOUT_RETURN_TYPE = YES_ERROR;
				GCC_WARN_UNDECLARED_SELECTOR = YES;
				GCC_WARN_UNINITIALIZED_AUTOS = YES_AGGRESSIVE;
				GCC_WARN_UNUSED_FUNCTION = YES;
				GCC_WARN_UNUSED_VARIABLE = YES;
				IPHONEOS_DEPLOYMENT_TARGET = 17.5;
				LOCALIZATION_PREFERS_STRING_CATALOGS = YES;
				MTL_ENABLE_DEBUG_INFO = NO;
				MTL_FAST_MATH = YES;
				SDKROOT = iphoneos;
				SWIFT_COMPILATION_MODE = wholemodule;
				VALIDATE_PRODUCT = YES;
			};
			name = Release;
		};
		9800A5012C6D16E900504A3C /* Debug */ = {
			isa = XCBuildConfiguration;
			buildSettings = {
				ASSETCATALOG_COMPILER_APPICON_NAME = AppIcon;
				ASSETCATALOG_COMPILER_GLOBAL_ACCENT_COLOR_NAME = AccentColor;
				CODE_SIGN_STYLE = Automatic;
				CURRENT_PROJECT_VERSION = 1;
				DEVELOPMENT_ASSET_PATHS = "\"FormationUdSwitUI/Preview Content\"";
				ENABLE_PREVIEWS = YES;
				GENERATE_INFOPLIST_FILE = YES;
				INFOPLIST_KEY_UIApplicationSceneManifest_Generation = YES;
				INFOPLIST_KEY_UIApplicationSupportsIndirectInputEvents = YES;
				INFOPLIST_KEY_UILaunchScreen_Generation = YES;
				INFOPLIST_KEY_UISupportedInterfaceOrientations_iPad = "UIInterfaceOrientationPortrait UIInterfaceOrientationPortraitUpsideDown UIInterfaceOrientationLandscapeLeft UIInterfaceOrientationLandscapeRight";
				INFOPLIST_KEY_UISupportedInterfaceOrientations_iPhone = "UIInterfaceOrientationPortrait UIInterfaceOrientationLandscapeLeft UIInterfaceOrientationLandscapeRight";
				LD_RUNPATH_SEARCH_PATHS = (
					"$(inherited)",
					"@executable_path/Frameworks",
				);
				MARKETING_VERSION = 1.0;
				PRODUCT_BUNDLE_IDENTIFIER = fr.sebtech.FormationUdSwitUI;
				PRODUCT_NAME = "$(TARGET_NAME)";
				SWIFT_EMIT_LOC_STRINGS = YES;
				SWIFT_VERSION = 5.0;
				TARGETED_DEVICE_FAMILY = "1,2";
			};
			name = Debug;
		};
		9800A5022C6D16E900504A3C /* Release */ = {
			isa = XCBuildConfiguration;
			buildSettings = {
				ASSETCATALOG_COMPILER_APPICON_NAME = AppIcon;
				ASSETCATALOG_COMPILER_GLOBAL_ACCENT_COLOR_NAME = AccentColor;
				CODE_SIGN_STYLE = Automatic;
				CURRENT_PROJECT_VERSION = 1;
				DEVELOPMENT_ASSET_PATHS = "\"FormationUdSwitUI/Preview Content\"";
				ENABLE_PREVIEWS = YES;
				GENERATE_INFOPLIST_FILE = YES;
				INFOPLIST_KEY_UIApplicationSceneManifest_Generation = YES;
				INFOPLIST_KEY_UIApplicationSupportsIndirectInputEvents = YES;
				INFOPLIST_KEY_UILaunchScreen_Generation = YES;
				INFOPLIST_KEY_UISupportedInterfaceOrientations_iPad = "UIInterfaceOrientationPortrait UIInterfaceOrientationPortraitUpsideDown UIInterfaceOrientationLandscapeLeft UIInterfaceOrientationLandscapeRight";
				INFOPLIST_KEY_UISupportedInterfaceOrientations_iPhone = "UIInterfaceOrientationPortrait UIInterfaceOrientationLandscapeLeft UIInterfaceOrientationLandscapeRight";
				LD_RUNPATH_SEARCH_PATHS = (
					"$(inherited)",
					"@executable_path/Frameworks",
				);
				MARKETING_VERSION = 1.0;
				PRODUCT_BUNDLE_IDENTIFIER = fr.sebtech.FormationUdSwitUI;
				PRODUCT_NAME = "$(TARGET_NAME)";
				SWIFT_EMIT_LOC_STRINGS = YES;
				SWIFT_VERSION = 5.0;
				TARGETED_DEVICE_FAMILY = "1,2";
			};
			name = Release;
		};
		9800A5042C6D16E900504A3C /* Debug */ = {
			isa = XCBuildConfiguration;
			buildSettings = {
				ALWAYS_EMBED_SWIFT_STANDARD_LIBRARIES = YES;
				BUNDLE_LOADER = "$(TEST_HOST)";
				CODE_SIGN_STYLE = Automatic;
				CURRENT_PROJECT_VERSION = 1;
				GENERATE_INFOPLIST_FILE = YES;
				IPHONEOS_DEPLOYMENT_TARGET = 17.5;
				MARKETING_VERSION = 1.0;
				PRODUCT_BUNDLE_IDENTIFIER = fr.sebtech.FormationUdSwitUITests;
				PRODUCT_NAME = "$(TARGET_NAME)";
				SWIFT_EMIT_LOC_STRINGS = NO;
				SWIFT_VERSION = 5.0;
				TARGETED_DEVICE_FAMILY = "1,2";
				TEST_HOST = "$(BUILT_PRODUCTS_DIR)/FormationUdSwitUI.app/$(BUNDLE_EXECUTABLE_FOLDER_PATH)/FormationUdSwitUI";
			};
			name = Debug;
		};
		9800A5052C6D16E900504A3C /* Release */ = {
			isa = XCBuildConfiguration;
			buildSettings = {
				ALWAYS_EMBED_SWIFT_STANDARD_LIBRARIES = YES;
				BUNDLE_LOADER = "$(TEST_HOST)";
				CODE_SIGN_STYLE = Automatic;
				CURRENT_PROJECT_VERSION = 1;
				GENERATE_INFOPLIST_FILE = YES;
				IPHONEOS_DEPLOYMENT_TARGET = 17.5;
				MARKETING_VERSION = 1.0;
				PRODUCT_BUNDLE_IDENTIFIER = fr.sebtech.FormationUdSwitUITests;
				PRODUCT_NAME = "$(TARGET_NAME)";
				SWIFT_EMIT_LOC_STRINGS = NO;
				SWIFT_VERSION = 5.0;
				TARGETED_DEVICE_FAMILY = "1,2";
				TEST_HOST = "$(BUILT_PRODUCTS_DIR)/FormationUdSwitUI.app/$(BUNDLE_EXECUTABLE_FOLDER_PATH)/FormationUdSwitUI";
			};
			name = Release;
		};
		9800A5072C6D16E900504A3C /* Debug */ = {
			isa = XCBuildConfiguration;
			buildSettings = {
				ALWAYS_EMBED_SWIFT_STANDARD_LIBRARIES = YES;
				CODE_SIGN_STYLE = Automatic;
				CURRENT_PROJECT_VERSION = 1;
				GENERATE_INFOPLIST_FILE = YES;
				MARKETING_VERSION = 1.0;
				PRODUCT_BUNDLE_IDENTIFIER = fr.sebtech.FormationUdSwitUIUITests;
				PRODUCT_NAME = "$(TARGET_NAME)";
				SWIFT_EMIT_LOC_STRINGS = NO;
				SWIFT_VERSION = 5.0;
				TARGETED_DEVICE_FAMILY = "1,2";
				TEST_TARGET_NAME = FormationUdSwitUI;
			};
			name = Debug;
		};
		9800A5082C6D16E900504A3C /* Release */ = {
			isa = XCBuildConfiguration;
			buildSettings = {
				ALWAYS_EMBED_SWIFT_STANDARD_LIBRARIES = YES;
				CODE_SIGN_STYLE = Automatic;
				CURRENT_PROJECT_VERSION = 1;
				GENERATE_INFOPLIST_FILE = YES;
				MARKETING_VERSION = 1.0;
				PRODUCT_BUNDLE_IDENTIFIER = fr.sebtech.FormationUdSwitUIUITests;
				PRODUCT_NAME = "$(TARGET_NAME)";
				SWIFT_EMIT_LOC_STRINGS = NO;
				SWIFT_VERSION = 5.0;
				TARGETED_DEVICE_FAMILY = "1,2";
				TEST_TARGET_NAME = FormationUdSwitUI;
			};
			name = Release;
		};
/* End XCBuildConfiguration section */

/* Begin XCConfigurationList section */
		9800A4D72C6D16E700504A3C /* Build configuration list for PBXProject "FormationUdSwitUI" */ = {
			isa = XCConfigurationList;
			buildConfigurations = (
				9800A4FE2C6D16E900504A3C /* Debug */,
				9800A4FF2C6D16E900504A3C /* Release */,
			);
			defaultConfigurationIsVisible = 0;
			defaultConfigurationName = Release;
		};
		9800A5002C6D16E900504A3C /* Build configuration list for PBXNativeTarget "FormationUdSwitUI" */ = {
			isa = XCConfigurationList;
			buildConfigurations = (
				9800A5012C6D16E900504A3C /* Debug */,
				9800A5022C6D16E900504A3C /* Release */,
			);
			defaultConfigurationIsVisible = 0;
			defaultConfigurationName = Release;
		};
		9800A5032C6D16E900504A3C /* Build configuration list for PBXNativeTarget "FormationUdSwitUITests" */ = {
			isa = XCConfigurationList;
			buildConfigurations = (
				9800A5042C6D16E900504A3C /* Debug */,
				9800A5052C6D16E900504A3C /* Release */,
			);
			defaultConfigurationIsVisible = 0;
			defaultConfigurationName = Release;
		};
		9800A5062C6D16E900504A3C /* Build configuration list for PBXNativeTarget "FormationUdSwitUIUITests" */ = {
			isa = XCConfigurationList;
			buildConfigurations = (
				9800A5072C6D16E900504A3C /* Debug */,
				9800A5082C6D16E900504A3C /* Release */,
			);
			defaultConfigurationIsVisible = 0;
			defaultConfigurationName = Release;
		};
/* End XCConfigurationList section */
	};
	rootObject = 9800A4D42C6D16E700504A3C /* Project object */;
}
